github.com/mistwire/dog v0.0.1 h1:WDjkRdOkv7fBKGmp6itjkze5ZwvpHZKLkd7BJA/Z8aw=
github.com/mistwire/dog v0.0.1/go.mod h1:dAthy9fuklOxptD96p2+ibmnqT5WodoPl4kf2B0GKUY=
github.com/mistwire/puppy v0.0.1 h1:EkrbSbuwwoapj+7GRt+QA9e7ttudTQ3jZCroJXUQtbA=
github.com/mistwire/puppy v0.0.1/go.mod h1:80bU0gV0G9VnIJYQOPgMntGRu1wcuqiijoSOsVhkNxI=
